Microsoft Visual Studio Solution File, Format Version 12.00
# Visual Studio Version 17
VisualStudioVersion = 17.5.2.0
MinimumVisualStudioVersion = 10.0.40219.1
Project("{FAE04EC0-301F-11D3-BF4B-00C04F79EFBC}") = "TexasHoldemPoker.API", "TexasHoldemPoker.API.csproj", "{6E446989-7F98-36C3-0B14-990DE3375BE1}"
EndProject
Global
	GlobalSection(SolutionConfigurationPlatforms) = preSolution
		Debug|Any CPU = Debug|Any CPU
		Release|Any CPU = Release|Any CPU
	EndGlobalSection
	GlobalSection(ProjectConfigurationPlatforms) = postSolution
		{6E446989-7F98-36C3-0B14-990DE3375BE1}.Debug|Any CPU.ActiveCfg = Debug|Any CPU
		{6E446989-7F98-36C3-0B14-990DE3375BE1}.Debug|Any CPU.Build.0 = Debug|Any CPU
		{6E446989-7F98-36C3-0B14-990DE3375BE1}.Release|Any CPU.ActiveCfg = Release|Any CPU
		{6E446989-7F98-36C3-0B14-990DE3375BE1}.Release|Any CPU.Build.0 = Release|Any CPU
	EndGlobalSection
	GlobalSection(SolutionProperties) = preSolution
		HideSolutionNode = FALSE
	EndGlobalSection
	GlobalSection(ExtensibilityGlobals) = postSolution
		SolutionGuid = {39F2D955-2AF5-4209-BBE3-C84C7CE182E5}
	EndGlobalSection
EndGlobal
